
Microsoft Visual Studio Solution File, Format Version 12.00
# Visual Studio Version 16
VisualStudioVersion = 16.0.30320.27
MinimumVisualStudioVersion = 10.0.40219.1
Project("{FAE04EC0-301F-11D3-BF4B-00C04F79EFBC}") = "SyncAudio", "SyncAudio\SyncAudio.csproj", "{0DAD3F81-4AD4-40F0-81EB-789A34D0C0BB}"
EndProject
Global
	GlobalSection(SolutionConfigurationPlatforms) = preSolution
		Debug|Any CPU = Debug|Any CPU
		Release|Any CPU = Release|Any CPU
	EndGlobalSection
	GlobalSection(ProjectConfigurationPlatforms) = postSolution
		{0DAD3F81-4AD4-40F0-81EB-789A34D0C0BB}.Debug|Any CPU.ActiveCfg = Debug|Any CPU
		{0DAD3F81-4AD4-40F0-81EB-789A34D0C0BB}.Debug|Any CPU.Build.0 = Debug|Any CPU
		{0DAD3F81-4AD4-40F0-81EB-789A34D0C0BB}.Release|Any CPU.ActiveCfg = Release|Any CPU
		{0DAD3F81-4AD4-40F0-81EB-789A34D0C0BB}.Release|Any CPU.Build.0 = Release|Any CPU
	EndGlobalSection
	GlobalSection(SolutionProperties) = preSolution
		HideSolutionNode = FALSE
	EndGlobalSection
	GlobalSection(ExtensibilityGlobals) = postSolution
		SolutionGuid = {E94EF960-4AC9-405D-9A48-30B8231F01F0}
	EndGlobalSection
EndGlobal
